// !$*UTF8*$!
{
	archiveVersion = 1;
	classes = {
	};
	objectVersion = 77;
	objects = {

/* Begin PBXBuildFile section */
		038212BF79FD2E31A9778BE6 /* EngineEventTests.swift in Sources */ = {isa = PBXBuildFile; fileRef = 470CF49FC658B4E9FDD4AD51 /* EngineEventTests.swift */; };
		10600212A03E3D26E3729FB7 /* EngineEvent.swift in Sources */ = {isa = PBXBuildFile; fileRef = 02AF0C9695A8A6B8FFACB044 /* EngineEvent.swift */; };
		1C33FAA7D602889FC8F8C348 /* EditPlanDecodingTests.swift in Sources */ = {isa = PBXBuildFile; fileRef = 6B0A5D7C62A370DE8DD21807 /* EditPlanDecodingTests.swift */; };
		1DA6160F26D3935018786C8B /* QuickInterviewEditorApp.swift in Sources */ = {isa = PBXBuildFile; fileRef = 75C599ECDAD50A6F0A522C6B /* QuickInterviewEditorApp.swift */; };
		3BD760F25135C28E6E0870F6 /* SongTabView.swift in Sources */ = {isa = PBXBuildFile; fileRef = BE1984F062A56A845A2364F4 /* SongTabView.swift */; };
		3CF64A819B85A3932084EAFF /* EngineClient.swift in Sources */ = {isa = PBXBuildFile; fileRef = 4EA854547ED6426A4ABD6E8E /* EngineClient.swift */; };
		3E0D23A6109F0336AC4166EB /* IdentifiedCollections in Frameworks */ = {isa = PBXBuildFile; productRef = C6F6FFAF4946EF45EF1AE24D /* IdentifiedCollections */; };
		5CE1AC00C89D05B7E2D7EF0B /* IssueReporting in Frameworks */ = {isa = PBXBuildFile; productRef = 16FA185EFC57ACE1DEE1A570 /* IssueReporting */; };
		5F634B357789FFEFA223ACF1 /* Dependencies in Frameworks */ = {isa = PBXBuildFile; productRef = A1E5EE198133D28AA4F8C697 /* Dependencies */; };
		65EC560AB7667057B2014847 /* edit-plan.json in Resources */ = {isa = PBXBuildFile; fileRef = 4816E2A0C0EC0B46A9168AC0 /* edit-plan.json */; };
		665BD88AC06C4C0F216BC9EC /* Sharing in Frameworks */ = {isa = PBXBuildFile; productRef = D91085D54040B96C224E2ABC /* Sharing */; };
		6C10EC4CB47E76CF577D3664 /* RootView.swift in Sources */ = {isa = PBXBuildFile; fileRef = A511ABB1DCF300B770180B1C /* RootView.swift */; };
		7742FDC7D65B2788C36D6522 /* ViewModel.swift in Sources */ = {isa = PBXBuildFile; fileRef = 340DF12DDCE384A3A7FAFF4F /* ViewModel.swift */; };
		86C19FC155AEB31428F42B95 /* LiveEngine.swift in Sources */ = {isa = PBXBuildFile; fileRef = 653287A59343E1420B1B9E90 /* LiveEngine.swift */; };
		881898A69DDBC442BABAC876 /* SongTabModel.swift in Sources */ = {isa = PBXBuildFile; fileRef = DA8E9F67D9C59C32823C2500 /* SongTabModel.swift */; };
		8C5CB390545EB618BAA14CD0 /* EngineClientTests.swift in Sources */ = {isa = PBXBuildFile; fileRef = 824F30A18339A12C0DA70F81 /* EngineClientTests.swift */; };
		904095AA3C7C8559F2366E31 /* edit-plan.json in Resources */ = {isa = PBXBuildFile; fileRef = 4816E2A0C0EC0B46A9168AC0 /* edit-plan.json */; };
		96B45D4F04ABA2ED4D2F6761 /* CustomDump in Frameworks */ = {isa = PBXBuildFile; productRef = 54003B82E165EE8F49C324AD /* CustomDump */; };
		98386774F113F6107A9A3E2C /* TranscriptPageView.swift in Sources */ = {isa = PBXBuildFile; fileRef = 89BCD2B81DFD4899212F05EB /* TranscriptPageView.swift */; };
		B235E9479CCA3E14AE46A5B7 /* LiveEngineIntegrationTests.swift in Sources */ = {isa = PBXBuildFile; fileRef = B9B7ED1A9590977EAF610624 /* LiveEngineIntegrationTests.swift */; };
		B504A08BE32820D2E7B8F7BF /* SongTabTests.swift in Sources */ = {isa = PBXBuildFile; fileRef = FA1B4EC8F8A763FD0F5FE1EE /* SongTabTests.swift */; };
		CBA8E40CEAEA1F1E7C5798FE /* RunTogether.swift in Sources */ = {isa = PBXBuildFile; fileRef = DDA36FAD7A5A15024FC73AB3 /* RunTogether.swift */; };
		CCF4DB94DE0C173EDD3365AE /* SmokeTests.swift in Sources */ = {isa = PBXBuildFile; fileRef = CDB2B2989C30934A0043C8DC /* SmokeTests.swift */; };
		CD09E8D65F5968AAE96A85AD /* TranscriptPageTests.swift in Sources */ = {isa = PBXBuildFile; fileRef = B4194259B2D9B2A2ADABE603 /* TranscriptPageTests.swift */; };
		D7E2BD1FA39BAA582CAB13BE /* EditPlan.swift in Sources */ = {isa = PBXBuildFile; fileRef = 8A8D3E1944317B3EFEE5C170 /* EditPlan.swift */; };
		D9C4768EAE67DC98FCA42E18 /* ImportPageView.swift in Sources */ = {isa = PBXBuildFile; fileRef = 990E56AF2E3DE415036CB683 /* ImportPageView.swift */; };
		E7381D2F864A5EB61915CAF5 /* RunTogetherTests.swift in Sources */ = {isa = PBXBuildFile; fileRef = A0CD6F173A8779985CCABC01 /* RunTogetherTests.swift */; };
		E96C33EEFA11E1600464E36B /* Fixtures.swift in Sources */ = {isa = PBXBuildFile; fileRef = 82AAC742DA272C6E61C080A3 /* Fixtures.swift */; };
		EA3B490C21BE968DCE015A9E /* RootTests.swift in Sources */ = {isa = PBXBuildFile; fileRef = 25B50A86F8D81F12045ABB2A /* RootTests.swift */; };
		F89547D7DD5C6573803BD544 /* TranscriptPageModel.swift in Sources */ = {isa = PBXBuildFile; fileRef = 238BBB22C13D9B5453A89ECD /* TranscriptPageModel.swift */; };
		FA8D74962D8AAAAB60F93AF2 /* RootModel.swift in Sources */ = {isa = PBXBuildFile; fileRef = B71CD050254B47F84F32EF54 /* RootModel.swift */; };
/* End PBXBuildFile section */

/* Begin PBXContainerItemProxy section */
		876C9BE20D9E5CDEFD7378D2 /* PBXContainerItemProxy */ = {
			isa = PBXContainerItemProxy;
			containerPortal = 6600C4E1552B4C4B2660A6FD /* Project object */;
			proxyType = 1;
			remoteGlobalIDString = 5B0788E419A7434C9B6776D0;
			remoteInfo = QuickInterviewEditor;
		};
/* End PBXContainerItemProxy section */

/* Begin PBXFileReference section */
		02AF0C9695A8A6B8FFACB044 /* EngineEvent.swift */ = {isa = PBXFileReference; lastKnownFileType = sourcecode.swift; path = EngineEvent.swift; sourceTree = "<group>"; };
		238BBB22C13D9B5453A89ECD /* TranscriptPageModel.swift */ = {isa = PBXFileReference; lastKnownFileType = sourcecode.swift; path = TranscriptPageModel.swift; sourceTree = "<group>"; };
		25B50A86F8D81F12045ABB2A /* RootTests.swift */ = {isa = PBXFileReference; lastKnownFileType = sourcecode.swift; path = RootTests.swift; sourceTree = "<group>"; };
		340DF12DDCE384A3A7FAFF4F /* ViewModel.swift */ = {isa = PBXFileReference; lastKnownFileType = sourcecode.swift; path = ViewModel.swift; sourceTree = "<group>"; };
		470CF49FC658B4E9FDD4AD51 /* EngineEventTests.swift */ = {isa = PBXFileReference; lastKnownFileType = sourcecode.swift; path = EngineEventTests.swift; sourceTree = "<group>"; };
		4816E2A0C0EC0B46A9168AC0 /* edit-plan.json */ = {isa = PBXFileReference; lastKnownFileType = text.json; path = "edit-plan.json"; sourceTree = "<group>"; };
		4EA854547ED6426A4ABD6E8E /* EngineClient.swift */ = {isa = PBXFileReference; lastKnownFileType = sourcecode.swift; path = EngineClient.swift; sourceTree = "<group>"; };
		653287A59343E1420B1B9E90 /* LiveEngine.swift */ = {isa = PBXFileReference; lastKnownFileType = sourcecode.swift; path = LiveEngine.swift; sourceTree = "<group>"; };
		6B0A5D7C62A370DE8DD21807 /* EditPlanDecodingTests.swift */ = {isa = PBXFileReference; lastKnownFileType = sourcecode.swift; path = EditPlanDecodingTests.swift; sourceTree = "<group>"; };
		75C599ECDAD50A6F0A522C6B /* QuickInterviewEditorApp.swift */ = {isa = PBXFileReference; lastKnownFileType = sourcecode.swift; path = QuickInterviewEditorApp.swift; sourceTree = "<group>"; };
		824F30A18339A12C0DA70F81 /* EngineClientTests.swift */ = {isa = PBXFileReference; lastKnownFileType = sourcecode.swift; path = EngineClientTests.swift; sourceTree = "<group>"; };
		82AAC742DA272C6E61C080A3 /* Fixtures.swift */ = {isa = PBXFileReference; lastKnownFileType = sourcecode.swift; path = Fixtures.swift; sourceTree = "<group>"; };
		89BCD2B81DFD4899212F05EB /* TranscriptPageView.swift */ = {isa = PBXFileReference; lastKnownFileType = sourcecode.swift; path = TranscriptPageView.swift; sourceTree = "<group>"; };
		8A8D3E1944317B3EFEE5C170 /* EditPlan.swift */ = {isa = PBXFileReference; lastKnownFileType = sourcecode.swift; path = EditPlan.swift; sourceTree = "<group>"; };
		990E56AF2E3DE415036CB683 /* ImportPageView.swift */ = {isa = PBXFileReference; lastKnownFileType = sourcecode.swift; path = ImportPageView.swift; sourceTree = "<group>"; };
		A0CD6F173A8779985CCABC01 /* RunTogetherTests.swift */ = {isa = PBXFileReference; lastKnownFileType = sourcecode.swift; path = RunTogetherTests.swift; sourceTree = "<group>"; };
		A511ABB1DCF300B770180B1C /* RootView.swift */ = {isa = PBXFileReference; lastKnownFileType = sourcecode.swift; path = RootView.swift; sourceTree = "<group>"; };
		AC5D3AC7ECB40323CF5EBBDF /* QuickInterviewEditor.app */ = {isa = PBXFileReference; explicitFileType = wrapper.application; includeInIndex = 0; path = QuickInterviewEditor.app; sourceTree = BUILT_PRODUCTS_DIR; };
		B4194259B2D9B2A2ADABE603 /* TranscriptPageTests.swift */ = {isa = PBXFileReference; lastKnownFileType = sourcecode.swift; path = TranscriptPageTests.swift; sourceTree = "<group>"; };
		B71CD050254B47F84F32EF54 /* RootModel.swift */ = {isa = PBXFileReference; lastKnownFileType = sourcecode.swift; path = RootModel.swift; sourceTree = "<group>"; };
		B9B7ED1A9590977EAF610624 /* LiveEngineIntegrationTests.swift */ = {isa = PBXFileReference; lastKnownFileType = sourcecode.swift; path = LiveEngineIntegrationTests.swift; sourceTree = "<group>"; };
		BE1984F062A56A845A2364F4 /* SongTabView.swift */ = {isa = PBXFileReference; lastKnownFileType = sourcecode.swift; path = SongTabView.swift; sourceTree = "<group>"; };
		CDB2B2989C30934A0043C8DC /* SmokeTests.swift */ = {isa = PBXFileReference; lastKnownFileType = sourcecode.swift; path = SmokeTests.swift; sourceTree = "<group>"; };
		DA8E9F67D9C59C32823C2500 /* SongTabModel.swift */ = {isa = PBXFileReference; lastKnownFileType = sourcecode.swift; path = SongTabModel.swift; sourceTree = "<group>"; };
		DDA36FAD7A5A15024FC73AB3 /* RunTogether.swift */ = {isa = PBXFileReference; lastKnownFileType = sourcecode.swift; path = RunTogether.swift; sourceTree = "<group>"; };
		EB660238C92EB5872A9BA235 /* QuickInterviewEditorTests.xctest */ = {isa = PBXFileReference; explicitFileType = wrapper.cfbundle; includeInIndex = 0; path = QuickInterviewEditorTests.xctest; sourceTree = BUILT_PRODUCTS_DIR; };
		FA1B4EC8F8A763FD0F5FE1EE /* SongTabTests.swift */ = {isa = PBXFileReference; lastKnownFileType = sourcecode.swift; path = SongTabTests.swift; sourceTree = "<group>"; };
/* End PBXFileReference section */

/* Begin PBXFrameworksBuildPhase section */
		437C3DD275B6BCBB6243CE7C /* Frameworks */ = {
			isa = PBXFrameworksBuildPhase;
			buildActionMask = 2147483647;
			files = (
				5F634B357789FFEFA223ACF1 /* Dependencies in Frameworks */,
				665BD88AC06C4C0F216BC9EC /* Sharing in Frameworks */,
				3E0D23A6109F0336AC4166EB /* IdentifiedCollections in Frameworks */,
				5CE1AC00C89D05B7E2D7EF0B /* IssueReporting in Frameworks */,
			);
			runOnlyForDeploymentPostprocessing = 0;
		};
		A766A8D700766E2E59A972E8 /* Frameworks */ = {
			isa = PBXFrameworksBuildPhase;
			buildActionMask = 2147483647;
			files = (
				96B45D4F04ABA2ED4D2F6761 /* CustomDump in Frameworks */,
			);
			runOnlyForDeploymentPostprocessing = 0;
		};
/* End PBXFrameworksBuildPhase section */

/* Begin PBXGroup section */
		1D4DFE7B0ED0ADACFDEBC4B5 /* SongTab */ = {
			isa = PBXGroup;
			children = (
				FA1B4EC8F8A763FD0F5FE1EE /* SongTabTests.swift */,
			);
			path = SongTab;
			sourceTree = "<group>";
		};
		25AC8874D14EFC0425D3DE41 /* RootPage */ = {
			isa = PBXGroup;
			children = (
				25B50A86F8D81F12045ABB2A /* RootTests.swift */,
			);
			path = RootPage;
			sourceTree = "<group>";
		};
		2D32336CE0E89EA8B6419A5F /* Core */ = {
			isa = PBXGroup;
			children = (
				824F30A18339A12C0DA70F81 /* EngineClientTests.swift */,
				470CF49FC658B4E9FDD4AD51 /* EngineEventTests.swift */,
				B9B7ED1A9590977EAF610624 /* LiveEngineIntegrationTests.swift */,
			);
			path = Core;
			sourceTree = "<group>";
		};
		5D117DE2268EB31385107955 /* Support */ = {
			isa = PBXGroup;
			children = (
				82AAC742DA272C6E61C080A3 /* Fixtures.swift */,
			);
			path = Support;
			sourceTree = "<group>";
		};
		69E6958D11DE5F09819052EB /* Reusable Components */ = {
			isa = PBXGroup;
			children = (
				340DF12DDCE384A3A7FAFF4F /* ViewModel.swift */,
			);
			path = "Reusable Components";
			sourceTree = "<group>";
		};
		811AB575FEC5D4B20C51DEFD /* Pages */ = {
			isa = PBXGroup;
			children = (
				25AC8874D14EFC0425D3DE41 /* RootPage */,
				1D4DFE7B0ED0ADACFDEBC4B5 /* SongTab */,
				C84F50DD1C6CE365FA040959 /* TranscriptPage */,
			);
			path = Pages;
			sourceTree = "<group>";
		};
		866BA38B6C1EB88962DB82C5 /* Products */ = {
			isa = PBXGroup;
			children = (
				AC5D3AC7ECB40323CF5EBBDF /* QuickInterviewEditor.app */,
				EB660238C92EB5872A9BA235 /* QuickInterviewEditorTests.xctest */,
			);
			name = Products;
			sourceTree = "<group>";
		};
		90703CF8F17806E2573F3803 /* TranscriptPage */ = {
			isa = PBXGroup;
			children = (
				238BBB22C13D9B5453A89ECD /* TranscriptPageModel.swift */,
				89BCD2B81DFD4899212F05EB /* TranscriptPageView.swift */,
			);
			path = TranscriptPage;
			sourceTree = "<group>";
		};
		924AC3255BC96C2DD8606789 /* QuickInterviewEditor */ = {
			isa = PBXGroup;
			children = (
				75C599ECDAD50A6F0A522C6B /* QuickInterviewEditorApp.swift */,
				B9CCBD592E7C1BE0361FCF70 /* Core */,
				FB353EBC2E1E502A378CBB5B /* Models */,
				E267D9D828E0CDCC7917F214 /* Views */,
			);
			path = QuickInterviewEditor;
			sourceTree = "<group>";
		};
		9ACE89DDBAED9C0154D25F90 = {
			isa = PBXGroup;
			children = (
				A4D1E17E1C8CF6DE0646F6C0 /* Fixtures */,
				924AC3255BC96C2DD8606789 /* QuickInterviewEditor */,
				EE489888D4E8F647F302839D /* QuickInterviewEditorTests */,
				866BA38B6C1EB88962DB82C5 /* Products */,
			);
			sourceTree = "<group>";
		};
		A4D1E17E1C8CF6DE0646F6C0 /* Fixtures */ = {
			isa = PBXGroup;
			children = (
				4816E2A0C0EC0B46A9168AC0 /* edit-plan.json */,
			);
			name = Fixtures;
			path = Resources/Fixtures;
			sourceTree = "<group>";
		};
		B2B6B17AE59622657E122DFB /* RootPage */ = {
			isa = PBXGroup;
			children = (
				B71CD050254B47F84F32EF54 /* RootModel.swift */,
				A511ABB1DCF300B770180B1C /* RootView.swift */,
			);
			path = RootPage;
			sourceTree = "<group>";
		};
		B9CCBD592E7C1BE0361FCF70 /* Core */ = {
			isa = PBXGroup;
			children = (
				4EA854547ED6426A4ABD6E8E /* EngineClient.swift */,
				02AF0C9695A8A6B8FFACB044 /* EngineEvent.swift */,
				653287A59343E1420B1B9E90 /* LiveEngine.swift */,
			);
			path = Core;
			sourceTree = "<group>";
		};
		BF03BB22C0C13923CEDE46BC /* Views */ = {
			isa = PBXGroup;
			children = (
				811AB575FEC5D4B20C51DEFD /* Pages */,
			);
			path = Views;
			sourceTree = "<group>";
		};
		C57D387AA418F41BCE29B851 /* Models */ = {
			isa = PBXGroup;
			children = (
				6B0A5D7C62A370DE8DD21807 /* EditPlanDecodingTests.swift */,
				A0CD6F173A8779985CCABC01 /* RunTogetherTests.swift */,
			);
			path = Models;
			sourceTree = "<group>";
		};
		C84F50DD1C6CE365FA040959 /* TranscriptPage */ = {
			isa = PBXGroup;
			children = (
				B4194259B2D9B2A2ADABE603 /* TranscriptPageTests.swift */,
			);
			path = TranscriptPage;
			sourceTree = "<group>";
		};
		CB40E39084C391B66ABCB3A0 /* ImportPage */ = {
			isa = PBXGroup;
			children = (
				990E56AF2E3DE415036CB683 /* ImportPageView.swift */,
			);
			path = ImportPage;
			sourceTree = "<group>";
		};
		DD42064AD165A5517F3D2C21 /* SongTab */ = {
			isa = PBXGroup;
			children = (
				DA8E9F67D9C59C32823C2500 /* SongTabModel.swift */,
				BE1984F062A56A845A2364F4 /* SongTabView.swift */,
			);
			path = SongTab;
			sourceTree = "<group>";
		};
		E267D9D828E0CDCC7917F214 /* Views */ = {
			isa = PBXGroup;
			children = (
				FA4A66AA6EEFE90E0BC38306 /* Pages */,
				69E6958D11DE5F09819052EB /* Reusable Components */,
			);
			path = Views;
			sourceTree = "<group>";
		};
		EE489888D4E8F647F302839D /* QuickInterviewEditorTests */ = {
			isa = PBXGroup;
			children = (
				CDB2B2989C30934A0043C8DC /* SmokeTests.swift */,
				2D32336CE0E89EA8B6419A5F /* Core */,
				C57D387AA418F41BCE29B851 /* Models */,
				5D117DE2268EB31385107955 /* Support */,
				BF03BB22C0C13923CEDE46BC /* Views */,
			);
			path = QuickInterviewEditorTests;
			sourceTree = "<group>";
		};
		FA4A66AA6EEFE90E0BC38306 /* Pages */ = {
			isa = PBXGroup;
			children = (
				CB40E39084C391B66ABCB3A0 /* ImportPage */,
				B2B6B17AE59622657E122DFB /* RootPage */,
				DD42064AD165A5517F3D2C21 /* SongTab */,
				90703CF8F17806E2573F3803 /* TranscriptPage */,
			);
			path = Pages;
			sourceTree = "<group>";
		};
		FB353EBC2E1E502A378CBB5B /* Models */ = {
			isa = PBXGroup;
			children = (
				8A8D3E1944317B3EFEE5C170 /* EditPlan.swift */,
				DDA36FAD7A5A15024FC73AB3 /* RunTogether.swift */,
			);
			path = Models;
			sourceTree = "<group>";
		};
/* End PBXGroup section */

/* Begin PBXNativeTarget section */
		5B0788E419A7434C9B6776D0 /* QuickInterviewEditor */ = {
			isa = PBXNativeTarget;
			buildConfigurationList = 215AEF9EF1910010392E2ED4 /* Build configuration list for PBXNativeTarget "QuickInterviewEditor" */;
			buildPhases = (
				FCD6771C2EE590C4892E9764 /* Sources */,
				D4FA129EBB9A620D6BE7C410 /* Resources */,
				437C3DD275B6BCBB6243CE7C /* Frameworks */,
			);
			buildRules = (
			);
			dependencies = (
			);
			name = QuickInterviewEditor;
			packageProductDependencies = (
				A1E5EE198133D28AA4F8C697 /* Dependencies */,
				D91085D54040B96C224E2ABC /* Sharing */,
				C6F6FFAF4946EF45EF1AE24D /* IdentifiedCollections */,
				16FA185EFC57ACE1DEE1A570 /* IssueReporting */,
			);
			productName = QuickInterviewEditor;
			productReference = AC5D3AC7ECB40323CF5EBBDF /* QuickInterviewEditor.app */;
			productType = "com.apple.product-type.application";
		};
		985CF55BD3D8251C825773BB /* QuickInterviewEditorTests */ = {
			isa = PBXNativeTarget;
			buildConfigurationList = 150DF3AD250158F1B4A5C803 /* Build configuration list for PBXNativeTarget "QuickInterviewEditorTests" */;
			buildPhases = (
				DD32E75288477DFD111F93DD /* Sources */,
				C28D1E9115B4453B02DF4EED /* Resources */,
				A766A8D700766E2E59A972E8 /* Frameworks */,
			);
			buildRules = (
			);
			dependencies = (
				2428C87278BCCA1CED6E0E3C /* PBXTargetDependency */,
			);
			name = QuickInterviewEditorTests;
			packageProductDependencies = (
				54003B82E165EE8F49C324AD /* CustomDump */,
			);
			productName = QuickInterviewEditorTests;
			productReference = EB660238C92EB5872A9BA235 /* QuickInterviewEditorTests.xctest */;
			productType = "com.apple.product-type.bundle.unit-test";
		};
/* End PBXNativeTarget section */

/* Begin PBXProject section */
		6600C4E1552B4C4B2660A6FD /* Project object */ = {
			isa = PBXProject;
			attributes = {
				BuildIndependentTargetsInParallel = YES;
				LastUpgradeCheck = 1430;
				TargetAttributes = {
					5B0788E419A7434C9B6776D0 = {
						DevelopmentTeam = FSRSPV9N9Q;
						ProvisioningStyle = Automatic;
					};
					985CF55BD3D8251C825773BB = {
						DevelopmentTeam = FSRSPV9N9Q;
						ProvisioningStyle = Automatic;
					};
				};
			};
			buildConfigurationList = B28CD06AB879BD6EA69269DE /* Build configuration list for PBXProject "QuickInterviewEditor" */;
			developmentRegion = en;
			hasScannedForEncodings = 0;
			knownRegions = (
				Base,
				en,
			);
			mainGroup = 9ACE89DDBAED9C0154D25F90;
			minimizedProjectReferenceProxies = 1;
			packageReferences = (
				391DE594CA1F42F820A9D0CA /* XCRemoteSwiftPackageReference "swift-custom-dump" */,
				741CD2296A6611A941C923B1 /* XCRemoteSwiftPackageReference "swift-dependencies" */,
				DC637FFC2D09E0393109C376 /* XCRemoteSwiftPackageReference "swift-identified-collections" */,
				9CFFF17010EDB63EB1150631 /* XCRemoteSwiftPackageReference "swift-sharing" */,
				AC922E53969B3DC0B9251AD5 /* XCRemoteSwiftPackageReference "xctest-dynamic-overlay" */,
			);
			preferredProjectObjectVersion = 77;
			productRefGroup = 866BA38B6C1EB88962DB82C5 /* Products */;
			projectDirPath = "";
			projectRoot = "";
			targets = (
				5B0788E419A7434C9B6776D0 /* QuickInterviewEditor */,
				985CF55BD3D8251C825773BB /* QuickInterviewEditorTests */,
			);
		};
/* End PBXProject section */

/* Begin PBXResourcesBuildPhase section */
		C28D1E9115B4453B02DF4EED /* Resources */ = {
			isa = PBXResourcesBuildPhase;
			buildActionMask = 2147483647;
			files = (
				65EC560AB7667057B2014847 /* edit-plan.json in Resources */,
			);
			runOnlyForDeploymentPostprocessing = 0;
		};
		D4FA129EBB9A620D6BE7C410 /* Resources */ = {
			isa = PBXResourcesBuildPhase;
			buildActionMask = 2147483647;
			files = (
				904095AA3C7C8559F2366E31 /* edit-plan.json in Resources */,
			);
			runOnlyForDeploymentPostprocessing = 0;
		};
/* End PBXResourcesBuildPhase section */

/* Begin PBXSourcesBuildPhase section */
		DD32E75288477DFD111F93DD /* Sources */ = {
			isa = PBXSourcesBuildPhase;
			buildActionMask = 2147483647;
			files = (
				1C33FAA7D602889FC8F8C348 /* EditPlanDecodingTests.swift in Sources */,
				8C5CB390545EB618BAA14CD0 /* EngineClientTests.swift in Sources */,
				038212BF79FD2E31A9778BE6 /* EngineEventTests.swift in Sources */,
				E96C33EEFA11E1600464E36B /* Fixtures.swift in Sources */,
				B235E9479CCA3E14AE46A5B7 /* LiveEngineIntegrationTests.swift in Sources */,
				EA3B490C21BE968DCE015A9E /* RootTests.swift in Sources */,
				E7381D2F864A5EB61915CAF5 /* RunTogetherTests.swift in Sources */,
				CCF4DB94DE0C173EDD3365AE /* SmokeTests.swift in Sources */,
				B504A08BE32820D2E7B8F7BF /* SongTabTests.swift in Sources */,
				CD09E8D65F5968AAE96A85AD /* TranscriptPageTests.swift in Sources */,
			);
			runOnlyForDeploymentPostprocessing = 0;
		};
		FCD6771C2EE590C4892E9764 /* Sources */ = {
			isa = PBXSourcesBuildPhase;
			buildActionMask = 2147483647;
			files = (
				D7E2BD1FA39BAA582CAB13BE /* EditPlan.swift in Sources */,
				3CF64A819B85A3932084EAFF /* EngineClient.swift in Sources */,
				10600212A03E3D26E3729FB7 /* EngineEvent.swift in Sources */,
				D9C4768EAE67DC98FCA42E18 /* ImportPageView.swift in Sources */,
				86C19FC155AEB31428F42B95 /* LiveEngine.swift in Sources */,
				1DA6160F26D3935018786C8B /* QuickInterviewEditorApp.swift in Sources */,
				FA8D74962D8AAAAB60F93AF2 /* RootModel.swift in Sources */,
				6C10EC4CB47E76CF577D3664 /* RootView.swift in Sources */,
				CBA8E40CEAEA1F1E7C5798FE /* RunTogether.swift in Sources */,
				881898A69DDBC442BABAC876 /* SongTabModel.swift in Sources */,
				3BD760F25135C28E6E0870F6 /* SongTabView.swift in Sources */,
				F89547D7DD5C6573803BD544 /* TranscriptPageModel.swift in Sources */,
				98386774F113F6107A9A3E2C /* TranscriptPageView.swift in Sources */,
				7742FDC7D65B2788C36D6522 /* ViewModel.swift in Sources */,
			);
			runOnlyForDeploymentPostprocessing = 0;
		};
/* End PBXSourcesBuildPhase section */

/* Begin PBXTargetDependency section */
		2428C87278BCCA1CED6E0E3C /* PBXTargetDependency */ = {
			isa = PBXTargetDependency;
			target = 5B0788E419A7434C9B6776D0 /* QuickInterviewEditor */;
			targetProxy = 876C9BE20D9E5CDEFD7378D2 /* PBXContainerItemProxy */;
		};
/* End PBXTargetDependency section */

/* Begin XCBuildConfiguration section */
		363859C762EEF5600BB8C3DE /* Debug */ = {
			isa = XCBuildConfiguration;
			buildSettings = {
				BUNDLE_LOADER = "$(TEST_HOST)";
				CODE_SIGN_STYLE = Automatic;
				COMBINE_HIDPI_IMAGES = YES;
				DEVELOPMENT_TEAM = FSRSPV9N9Q;
				GENERATE_INFOPLIST_FILE = YES;
				LD_RUNPATH_SEARCH_PATHS = (
					"$(inherited)",
					"@executable_path/../Frameworks",
					"@loader_path/../Frameworks",
				);
				PRODUCT_BUNDLE_IDENTIFIER = fm.playola.QuickInterviewEditorTests;
				SDKROOT = macosx;
				SWIFT_VERSION = 6.0;
				TEST_HOST = "$(BUILT_PRODUCTS_DIR)/QuickInterviewEditor.app/Contents/MacOS/QuickInterviewEditor";
			};
			name = Debug;
		};
		3B9CC5D9542CB1AFFDF07FEC /* Debug */ = {
			isa = XCBuildConfiguration;
			buildSettings = {
				ASSETCATALOG_COMPILER_APPICON_NAME = AppIcon;
				CODE_SIGN_STYLE = Automatic;
				COMBINE_HIDPI_IMAGES = YES;
				DEVELOPMENT_TEAM = FSRSPV9N9Q;
				ENABLE_TESTABILITY = YES;
				GENERATE_INFOPLIST_FILE = YES;
				LD_RUNPATH_SEARCH_PATHS = (
					"$(inherited)",
					"@executable_path/../Frameworks",
				);
				PRODUCT_BUNDLE_IDENTIFIER = fm.playola.QuickInterviewEditor;
				SDKROOT = macosx;
				SWIFT_VERSION = 6.0;
			};
			name = Debug;
		};
		445B96779923D72DC0F24401 /* Release */ = {
			isa = XCBuildConfiguration;
			buildSettings = {
				BUNDLE_LOADER = "$(TEST_HOST)";
				CODE_SIGN_STYLE = Automatic;
				COMBINE_HIDPI_IMAGES = YES;
				DEVELOPMENT_TEAM = FSRSPV9N9Q;
				GENERATE_INFOPLIST_FILE = YES;
				LD_RUNPATH_SEARCH_PATHS = (
					"$(inherited)",
					"@executable_path/../Frameworks",
					"@loader_path/../Frameworks",
				);
				PRODUCT_BUNDLE_IDENTIFIER = fm.playola.QuickInterviewEditorTests;
				SDKROOT = macosx;
				SWIFT_VERSION = 6.0;
				TEST_HOST = "$(BUILT_PRODUCTS_DIR)/QuickInterviewEditor.app/Contents/MacOS/QuickInterviewEditor";
			};
			name = Release;
		};
		4963DAEA5AA48FC3DA463E32 /* Release */ = {
			isa = XCBuildConfiguration;
			buildSettings = {
				ASSETCATALOG_COMPILER_APPICON_NAME = AppIcon;
				CODE_SIGN_STYLE = Automatic;
				COMBINE_HIDPI_IMAGES = YES;
				DEVELOPMENT_TEAM = FSRSPV9N9Q;
				ENABLE_TESTABILITY = YES;
				GENERATE_INFOPLIST_FILE = YES;
				LD_RUNPATH_SEARCH_PATHS = (
					"$(inherited)",
					"@executable_path/../Frameworks",
				);
				PRODUCT_BUNDLE_IDENTIFIER = fm.playola.QuickInterviewEditor;
				SDKROOT = macosx;
				SWIFT_VERSION = 6.0;
			};
			name = Release;
		};
		6480760B3EBD7B822D0A13F6 /* Release */ = {
			isa = XCBuildConfiguration;
			buildSettings = {
				ALWAYS_SEARCH_USER_PATHS = NO;
				CLANG_ANALYZER_NONNULL = YES;
				CLANG_ANALYZER_NUMBER_OBJECT_CONVERSION = YES_AGGRESSIVE;
				CLANG_CXX_LANGUAGE_STANDARD = "gnu++14";
				CLANG_CXX_LIBRARY = "libc++";
				CLANG_ENABLE_MODULES = YES;
				CLANG_ENABLE_OBJC_ARC = YES;
				CLANG_ENABLE_OBJC_WEAK = YES;
				CLANG_WARN_BLOCK_CAPTURE_AUTORELEASING = YES;
				CLANG_WARN_BOOL_CONVERSION = YES;
				CLANG_WARN_COMMA = YES;
				CLANG_WARN_CONSTANT_CONVERSION = YES;
				CLANG_WARN_DEPRECATED_OBJC_IMPLEMENTATIONS = YES;
				CLANG_WARN_DIRECT_OBJC_ISA_USAGE = YES_ERROR;
				CLANG_WARN_DOCUMENTATION_COMMENTS = YES;
				CLANG_WARN_EMPTY_BODY = YES;
				CLANG_WARN_ENUM_CONVERSION = YES;
				CLANG_WARN_INFINITE_RECURSION = YES;
				CLANG_WARN_INT_CONVERSION = YES;
				CLANG_WARN_NON_LITERAL_NULL_CONVERSION = YES;
				CLANG_WARN_OBJC_IMPLICIT_RETAIN_SELF = YES;
				CLANG_WARN_OBJC_LITERAL_CONVERSION = YES;
				CLANG_WARN_OBJC_ROOT_CLASS = YES_ERROR;
				CLANG_WARN_QUOTED_INCLUDE_IN_FRAMEWORK_HEADER = YES;
				CLANG_WARN_RANGE_LOOP_ANALYSIS = YES;
				CLANG_WARN_STRICT_PROTOTYPES = YES;
				CLANG_WARN_SUSPICIOUS_MOVE = YES;
				CLANG_WARN_UNGUARDED_AVAILABILITY = YES_AGGRESSIVE;
				CLANG_WARN_UNREACHABLE_CODE = YES;
				CLANG_WARN__DUPLICATE_METHOD_MATCH = YES;
				COPY_PHASE_STRIP = NO;
				DEBUG_INFORMATION_FORMAT = "dwarf-with-dsym";
				ENABLE_NS_ASSERTIONS = NO;
				ENABLE_STRICT_OBJC_MSGSEND = YES;
				GCC_C_LANGUAGE_STANDARD = gnu11;
				GCC_NO_COMMON_BLOCKS = YES;
				GCC_WARN_64_TO_32_BIT_CONVERSION = YES;
				GCC_WARN_ABOUT_RETURN_TYPE = YES_ERROR;
				GCC_WARN_UNDECLARED_SELECTOR = YES;
				GCC_WARN_UNINITIALIZED_AUTOS = YES_AGGRESSIVE;
				GCC_WARN_UNUSED_FUNCTION = YES;
				GCC_WARN_UNUSED_VARIABLE = YES;
				MACOSX_DEPLOYMENT_TARGET = 15.0;
				MTL_ENABLE_DEBUG_INFO = NO;
				MTL_FAST_MATH = YES;
				PRODUCT_NAME = "$(TARGET_NAME)";
				SDKROOT = macosx;
				SWIFT_COMPILATION_MODE = wholemodule;
				SWIFT_OPTIMIZATION_LEVEL = "-O";
				SWIFT_VERSION = 5.0;
			};
			name = Release;
		};
		65B57D4582979FA63CB549AC /* Debug */ = {
			isa = XCBuildConfiguration;
			buildSettings = {
				ALWAYS_SEARCH_USER_PATHS = NO;
				CLANG_ANALYZER_NONNULL = YES;
				CLANG_ANALYZER_NUMBER_OBJECT_CONVERSION = YES_AGGRESSIVE;
				CLANG_CXX_LANGUAGE_STANDARD = "gnu++14";
				CLANG_CXX_LIBRARY = "libc++";
				CLANG_ENABLE_MODULES = YES;
				CLANG_ENABLE_OBJC_ARC = YES;
				CLANG_ENABLE_OBJC_WEAK = YES;
				CLANG_WARN_BLOCK_CAPTURE_AUTORELEASING = YES;
				CLANG_WARN_BOOL_CONVERSION = YES;
				CLANG_WARN_COMMA = YES;
				CLANG_WARN_CONSTANT_CONVERSION = YES;
				CLANG_WARN_DEPRECATED_OBJC_IMPLEMENTATIONS = YES;
				CLANG_WARN_DIRECT_OBJC_ISA_USAGE = YES_ERROR;
				CLANG_WARN_DOCUMENTATION_COMMENTS = YES;
				CLANG_WARN_EMPTY_BODY = YES;
				CLANG_WARN_ENUM_CONVERSION = YES;
				CLANG_WARN_INFINITE_RECURSION = YES;
				CLANG_WARN_INT_CONVERSION = YES;
				CLANG_WARN_NON_LITERAL_NULL_CONVERSION = YES;
				CLANG_WARN_OBJC_IMPLICIT_RETAIN_SELF = YES;
				CLANG_WARN_OBJC_LITERAL_CONVERSION = YES;
				CLANG_WARN_OBJC_ROOT_CLASS = YES_ERROR;
				CLANG_WARN_QUOTED_INCLUDE_IN_FRAMEWORK_HEADER = YES;
				CLANG_WARN_RANGE_LOOP_ANALYSIS = YES;
				CLANG_WARN_STRICT_PROTOTYPES = YES;
				CLANG_WARN_SUSPICIOUS_MOVE = YES;
				CLANG_WARN_UNGUARDED_AVAILABILITY = YES_AGGRESSIVE;
				CLANG_WARN_UNREACHABLE_CODE = YES;
				CLANG_WARN__DUPLICATE_METHOD_MATCH = YES;
				COPY_PHASE_STRIP = NO;
				DEBUG_INFORMATION_FORMAT = dwarf;
				ENABLE_STRICT_OBJC_MSGSEND = YES;
				ENABLE_TESTABILITY = YES;
				GCC_C_LANGUAGE_STANDARD = gnu11;
				GCC_DYNAMIC_NO_PIC = NO;
				GCC_NO_COMMON_BLOCKS = YES;
				GCC_OPTIMIZATION_LEVEL = 0;
				GCC_PREPROCESSOR_DEFINITIONS = (
					"$(inherited)",
					"DEBUG=1",
				);
				GCC_WARN_64_TO_32_BIT_CONVERSION = YES;
				GCC_WARN_ABOUT_RETURN_TYPE = YES_ERROR;
				GCC_WARN_UNDECLARED_SELECTOR = YES;
				GCC_WARN_UNINITIALIZED_AUTOS = YES_AGGRESSIVE;
				GCC_WARN_UNUSED_FUNCTION = YES;
				GCC_WARN_UNUSED_VARIABLE = YES;
				MACOSX_DEPLOYMENT_TARGET = 15.0;
				MTL_ENABLE_DEBUG_INFO = INCLUDE_SOURCE;
				MTL_FAST_MATH = YES;
				ONLY_ACTIVE_ARCH = YES;
				PRODUCT_NAME = "$(TARGET_NAME)";
				SDKROOT = macosx;
				SWIFT_ACTIVE_COMPILATION_CONDITIONS = DEBUG;
				SWIFT_OPTIMIZATION_LEVEL = "-Onone";
				SWIFT_VERSION = 5.0;
			};
			name = Debug;
		};
/* End XCBuildConfiguration section */

/* Begin XCConfigurationList section */
		150DF3AD250158F1B4A5C803 /* Build configuration list for PBXNativeTarget "QuickInterviewEditorTests" */ = {
			isa = XCConfigurationList;
			buildConfigurations = (
				363859C762EEF5600BB8C3DE /* Debug */,
				445B96779923D72DC0F24401 /* Release */,
			);
			defaultConfigurationIsVisible = 0;
			defaultConfigurationName = Debug;
		};
		215AEF9EF1910010392E2ED4 /* Build configuration list for PBXNativeTarget "QuickInterviewEditor" */ = {
			isa = XCConfigurationList;
			buildConfigurations = (
				3B9CC5D9542CB1AFFDF07FEC /* Debug */,
				4963DAEA5AA48FC3DA463E32 /* Release */,
			);
			defaultConfigurationIsVisible = 0;
			defaultConfigurationName = Debug;
		};
		B28CD06AB879BD6EA69269DE /* Build configuration list for PBXProject "QuickInterviewEditor" */ = {
			isa = XCConfigurationList;
			buildConfigurations = (
				65B57D4582979FA63CB549AC /* Debug */,
				6480760B3EBD7B822D0A13F6 /* Release */,
			);
			defaultConfigurationIsVisible = 0;
			defaultConfigurationName = Debug;
		};
/* End XCConfigurationList section */

/* Begin XCRemoteSwiftPackageReference section */
		391DE594CA1F42F820A9D0CA /* XCRemoteSwiftPackageReference "swift-custom-dump" */ = {
			isa = XCRemoteSwiftPackageReference;
			repositoryURL = "https://github.com/pointfreeco/swift-custom-dump";
			requirement = {
				kind = upToNextMajorVersion;
				minimumVersion = 1.3.0;
			};
		};
		741CD2296A6611A941C923B1 /* XCRemoteSwiftPackageReference "swift-dependencies" */ = {
			isa = XCRemoteSwiftPackageReference;
			repositoryURL = "https://github.com/pointfreeco/swift-dependencies";
			requirement = {
				kind = upToNextMajorVersion;
				minimumVersion = 1.9.0;
			};
		};
		9CFFF17010EDB63EB1150631 /* XCRemoteSwiftPackageReference "swift-sharing" */ = {
			isa = XCRemoteSwiftPackageReference;
			repositoryURL = "https://github.com/pointfreeco/swift-sharing";
			requirement = {
				kind = upToNextMajorVersion;
				minimumVersion = 2.5.0;
			};
		};
		AC922E53969B3DC0B9251AD5 /* XCRemoteSwiftPackageReference "xctest-dynamic-overlay" */ = {
			isa = XCRemoteSwiftPackageReference;
			repositoryURL = "https://github.com/pointfreeco/xctest-dynamic-overlay";
			requirement = {
				kind = upToNextMajorVersion;
				minimumVersion = 1.5.0;
			};
		};
		DC637FFC2D09E0393109C376 /* XCRemoteSwiftPackageReference "swift-identified-collections" */ = {
			isa = XCRemoteSwiftPackageReference;
			repositoryURL = "https://github.com/pointfreeco/swift-identified-collections";
			requirement = {
				kind = upToNextMajorVersion;
				minimumVersion = 1.1.0;
			};
		};
/* End XCRemoteSwiftPackageReference section */

/* Begin XCSwiftPackageProductDependency section */
		16FA185EFC57ACE1DEE1A570 /* IssueReporting */ = {
			isa = XCSwiftPackageProductDependency;
			package = AC922E53969B3DC0B9251AD5 /* XCRemoteSwiftPackageReference "xctest-dynamic-overlay" */;
			productName = IssueReporting;
		};
		54003B82E165EE8F49C324AD /* CustomDump */ = {
			isa = XCSwiftPackageProductDependency;
			package = 391DE594CA1F42F820A9D0CA /* XCRemoteSwiftPackageReference "swift-custom-dump" */;
			productName = CustomDump;
		};
		A1E5EE198133D28AA4F8C697 /* Dependencies */ = {
			isa = XCSwiftPackageProductDependency;
			package = 741CD2296A6611A941C923B1 /* XCRemoteSwiftPackageReference "swift-dependencies" */;
			productName = Dependencies;
		};
		C6F6FFAF4946EF45EF1AE24D /* IdentifiedCollections */ = {
			isa = XCSwiftPackageProductDependency;
			package = DC637FFC2D09E0393109C376 /* XCRemoteSwiftPackageReference "swift-identified-collections" */;
			productName = IdentifiedCollections;
		};
		D91085D54040B96C224E2ABC /* Sharing */ = {
			isa = XCSwiftPackageProductDependency;
			package = 9CFFF17010EDB63EB1150631 /* XCRemoteSwiftPackageReference "swift-sharing" */;
			productName = Sharing;
		};
/* End XCSwiftPackageProductDependency section */
	};
	rootObject = 6600C4E1552B4C4B2660A6FD /* Project object */;
}
